// !$*UTF8*$!
{
	archiveVersion = 1;
	classes = {
	};
	objectVersion = 54;
	objects = {

/* Begin PBXBuildFile section */
		00E356F31AD99517003FC87E /* driverTests.m in Sources */ = {isa = PBXBuildFile; fileRef = 00E356F21AD99517003FC87E /* driverTests.m */; };
		13B07FBC1A68108700A75B9A /* AppDelegate.m in Sources */ = {isa = PBXBuildFile; fileRef = 13B07FB01A68108700A75B9A /* AppDelegate.m */; };
		13B07FBF1A68108700A75B9A /* Images.xcassets in Resources */ = {isa = PBXBuildFile; fileRef = 13B07FB51A68108700A75B9A /* Images.xcassets */; };
		13B07FC11A68108700A75B9A /* main.m in Sources */ = {isa = PBXBuildFile; fileRef = 13B07FB71A68108700A75B9A /* main.m */; };
		79239B22CB4E449A77FADCF2 /* libPods-driver-driverTests.a in Frameworks */ = {isa = PBXBuildFile; fileRef = FF5C34A425746BB1CE7BC935 /* libPods-driver-driverTests.a */; };
		81AB9BB82411601600AC10FF /* LaunchScreen.storyboard in Resources */ = {isa = PBXBuildFile; fileRef = 81AB9BB72411601600AC10FF /* LaunchScreen.storyboard */; };
		DAC0A1DF91435B9DA9BAB134 /* libPods-driver.a in Frameworks */ = {isa = PBXBuildFile; fileRef = 3C73424AA151A2E5CCA29276 /* libPods-driver.a */; };
		A3A5DA187B9F45E1A48C01A9 /* AntDesign.ttf in Resources */ = {isa = PBXBuildFile; fileRef = 0C044F7371E043629882E231 /* AntDesign.ttf */; };
		002D3BAED031457AA12AF2C2 /* Entypo.ttf in Resources */ = {isa = PBXBuildFile; fileRef = 6A42F4B6500F498E88D832B5 /* Entypo.ttf */; };
		AB652D6BDB2E49FBAE5E8F7D /* EvilIcons.ttf in Resources */ = {isa = PBXBuildFile; fileRef = E7F76D45A95C462FA1AB9D9C /* EvilIcons.ttf */; };
		A4FFCAC34EF04B3B8F43D6B7 /* Feather.ttf in Resources */ = {isa = PBXBuildFile; fileRef = 0DC64BDA136740878E3E2749 /* Feather.ttf */; };
		5D885C4AC65D4978A5ACDF51 /* FontAwesome.ttf in Resources */ = {isa = PBXBuildFile; fileRef = 557A7EFFD7FC4B3FAB43E990 /* FontAwesome.ttf */; };
		20C922AEE63F44859A9497ED /* FontAwesome5_Brands.ttf in Resources */ = {isa = PBXBuildFile; fileRef = 7EE37ADE388C47FABB0187C7 /* FontAwesome5_Brands.ttf */; };
		F90BFF41A95C400A809AE528 /* FontAwesome5_Regular.ttf in Resources */ = {isa = PBXBuildFile; fileRef = 0EF77A0793AB4171B790FFB7 /* FontAwesome5_Regular.ttf */; };
		DFBFDC08163D471A886F1677 /* FontAwesome5_Solid.ttf in Resources */ = {isa = PBXBuildFile; fileRef = 466F70F67AB74BEAA86FE013 /* FontAwesome5_Solid.ttf */; };
		1604DFFCBECB445290934F55 /* Fontisto.ttf in Resources */ = {isa = PBXBuildFile; fileRef = D782EE5BE3594A9F92077815 /* Fontisto.ttf */; };
		1494EF81E4B6418FAC984D5A /* Foundation.ttf in Resources */ = {isa = PBXBuildFile; fileRef = 9DB27549C81A481CAAA916B6 /* Foundation.ttf */; };
		0F6EE55CD39141E2BF0D68D4 /* Ionicons.ttf in Resources */ = {isa = PBXBuildFile; fileRef = DC3C8BDC9B244E7F965E1CA6 /* Ionicons.ttf */; };
		AADF81BECAE64ED9A0418306 /* MaterialCommunityIcons.ttf in Resources */ = {isa = PBXBuildFile; fileRef = 98CB1656E5034AD1BEFE9D1B /* MaterialCommunityIcons.ttf */; };
		7DF7D741CD084C4E9DE08D85 /* MaterialIcons.ttf in Resources */ = {isa = PBXBuildFile; fileRef = CE834AB27FEE4FB2B4987615 /* MaterialIcons.ttf */; };
		675D6E8042D2470287C54189 /* Octicons.ttf in Resources */ = {isa = PBXBuildFile; fileRef = 15A6612514C04CFA8D45E5A7 /* Octicons.ttf */; };
		BFF60C33039B4FCB858A459B /* Roboto_medium.ttf in Resources */ = {isa = PBXBuildFile; fileRef = D92BA31C40784CDAAA49F799 /* Roboto_medium.ttf */; };
		75D263ED9A8F4A00B0F272D0 /* Roboto.ttf in Resources */ = {isa = PBXBuildFile; fileRef = 9D78C3ACE3EB47E3AAC02EA1 /* Roboto.ttf */; };
		67315DE7F77E4DE5AAB6A1F4 /* rubicon-icon-font.ttf in Resources */ = {isa = PBXBuildFile; fileRef = D81AAD1233644BBCACD5ACE3 /* rubicon-icon-font.ttf */; };
		D9B5181EECD34B37BBE885A8 /* SimpleLineIcons.ttf in Resources */ = {isa = PBXBuildFile; fileRef = BD60A13B10BC4F768A1FD9FF /* SimpleLineIcons.ttf */; };
		7090500306934C16B4B0CE23 /* Zocial.ttf in Resources */ = {isa = PBXBuildFile; fileRef = 8D2EAEE4EB79404CAD37EC65 /* Zocial.ttf */; };
		F7D6CBCDBE574E0A878BDCF2 /* Poppins-Black.ttf in Resources */ = {isa = PBXBuildFile; fileRef = 913BBF6580F2401AAD0381DA /* Poppins-Black.ttf */; };
		02386BB0447746889D9960B6 /* Poppins-BlackItalic.ttf in Resources */ = {isa = PBXBuildFile; fileRef = 267DDD4C48C44F198C7F9153 /* Poppins-BlackItalic.ttf */; };
		D385AA6ABBAF4DB3813D95C0 /* Poppins-Bold.ttf in Resources */ = {isa = PBXBuildFile; fileRef = 8BAA44D68B0740FB9B849922 /* Poppins-Bold.ttf */; };
		196A44366173428BB2FFE3B3 /* Poppins-BoldItalic.ttf in Resources */ = {isa = PBXBuildFile; fileRef = ADF014A6058D4E0AB2CB96F9 /* Poppins-BoldItalic.ttf */; };
		7D47D1E066CB42DA84188D35 /* Poppins-ExtraBold.ttf in Resources */ = {isa = PBXBuildFile; fileRef = 084508D157F24F3F8587890E /* Poppins-ExtraBold.ttf */; };
		C40FDDA8B42E44DCA6D4F581 /* Poppins-ExtraBoldItalic.ttf in Resources */ = {isa = PBXBuildFile; fileRef = 498E28C6D73B4D2786EBD064 /* Poppins-ExtraBoldItalic.ttf */; };
		87FC0F5E203A4673AF686999 /* Poppins-ExtraLight.ttf in Resources */ = {isa = PBXBuildFile; fileRef = 5B3884B4BDF341009206C0B0 /* Poppins-ExtraLight.ttf */; };
		912FC4EC1D904537BEF71B07 /* Poppins-ExtraLightItalic.ttf in Resources */ = {isa = PBXBuildFile; fileRef = 989AD253DDF44387A4381C9F /* Poppins-ExtraLightItalic.ttf */; };
		BA86A2D034E4481096A066E2 /* Poppins-Italic.ttf in Resources */ = {isa = PBXBuildFile; fileRef = 395FDE52493A4AF3B1432827 /* Poppins-Italic.ttf */; };
		1AA6F95B4AF447B2A17F4B37 /* Poppins-Light.ttf in Resources */ = {isa = PBXBuildFile; fileRef = 9FD231C2EF7D4099B8D32578 /* Poppins-Light.ttf */; };
		4C978FFC3E0F41AAB118020D /* Poppins-LightItalic.ttf in Resources */ = {isa = PBXBuildFile; fileRef = E2D2687925504A7B948940C0 /* Poppins-LightItalic.ttf */; };
		148D69856A9C4FCB978C6799 /* Poppins-Medium.ttf in Resources */ = {isa = PBXBuildFile; fileRef = 662D3AC9F2DC4016B526AAE4 /* Poppins-Medium.ttf */; };
		714DBCA248A4463485D8C2C3 /* Poppins-MediumItalic.ttf in Resources */ = {isa = PBXBuildFile; fileRef = 9DFB5291D75D4B0086B973DD /* Poppins-MediumItalic.ttf */; };
		CEA67CFC4C6E439695C9CFFD /* Poppins-Regular.ttf in Resources */ = {isa = PBXBuildFile; fileRef = EC99F30930DB4A298D6A56E5 /* Poppins-Regular.ttf */; };
		572906FED1D04270ADB134B3 /* Poppins-SemiBold.ttf in Resources */ = {isa = PBXBuildFile; fileRef = F30DD0382B714B03AD74131B /* Poppins-SemiBold.ttf */; };
		54C78A9C66864319B033120D /* Poppins-SemiBoldItalic.ttf in Resources */ = {isa = PBXBuildFile; fileRef = E25FD8B2FA76445591708119 /* Poppins-SemiBoldItalic.ttf */; };
		B2FCE80EFB5B47808851079C /* Poppins-Thin.ttf in Resources */ = {isa = PBXBuildFile; fileRef = B847F14261B74BFB95BD94F9 /* Poppins-Thin.ttf */; };
		F4A214488EAD43A396B6AB1C /* Poppins-ThinItalic.ttf in Resources */ = {isa = PBXBuildFile; fileRef = 373EFC0A923E4D628CA186D6 /* Poppins-ThinItalic.ttf */; };
/* End PBXBuildFile section */

/* Begin PBXContainerItemProxy section */
		00E356F41AD99517003FC87E /* PBXContainerItemProxy */ = {
			isa = PBXContainerItemProxy;
			containerPortal = 83CBB9F71A601CBA00E9B192 /* Project object */;
			proxyType = 1;
			remoteGlobalIDString = 13B07F861A680F5B00A75B9A;
			remoteInfo = driver;
		};
/* End PBXContainerItemProxy section */

/* Begin PBXFileReference section */
		00E356EE1AD99517003FC87E /* driverTests.xctest */ = {isa = PBXFileReference; explicitFileType = wrapper.cfbundle; includeInIndex = 0; path = driverTests.xctest; sourceTree = BUILT_PRODUCTS_DIR; };
		00E356F11AD99517003FC87E /* Info.plist */ = {isa = PBXFileReference; lastKnownFileType = text.plist.xml; path = Info.plist; sourceTree = "<group>"; };
		00E356F21AD99517003FC87E /* driverTests.m */ = {isa = PBXFileReference; lastKnownFileType = sourcecode.c.objc; path = driverTests.m; sourceTree = "<group>"; };
		058A0896E392C56AD494095F /* Pods-driver.debug.xcconfig */ = {isa = PBXFileReference; includeInIndex = 1; lastKnownFileType = text.xcconfig; name = "Pods-driver.debug.xcconfig"; path = "Target Support Files/Pods-driver/Pods-driver.debug.xcconfig"; sourceTree = "<group>"; };
		13B07F961A680F5B00A75B9A /* driver.app */ = {isa = PBXFileReference; explicitFileType = wrapper.application; includeInIndex = 0; path = driver.app; sourceTree = BUILT_PRODUCTS_DIR; };
		13B07FAF1A68108700A75B9A /* AppDelegate.h */ = {isa = PBXFileReference; fileEncoding = 4; lastKnownFileType = sourcecode.c.h; name = AppDelegate.h; path = driver/AppDelegate.h; sourceTree = "<group>"; };
		13B07FB01A68108700A75B9A /* AppDelegate.m */ = {isa = PBXFileReference; fileEncoding = 4; lastKnownFileType = sourcecode.c.objc; name = AppDelegate.m; path = driver/AppDelegate.m; sourceTree = "<group>"; };
		13B07FB51A68108700A75B9A /* Images.xcassets */ = {isa = PBXFileReference; lastKnownFileType = folder.assetcatalog; name = Images.xcassets; path = driver/Images.xcassets; sourceTree = "<group>"; };
		13B07FB61A68108700A75B9A /* Info.plist */ = {isa = PBXFileReference; fileEncoding = 4; lastKnownFileType = text.plist.xml; name = Info.plist; path = driver/Info.plist; sourceTree = "<group>"; };
		13B07FB71A68108700A75B9A /* main.m */ = {isa = PBXFileReference; fileEncoding = 4; lastKnownFileType = sourcecode.c.objc; name = main.m; path = driver/main.m; sourceTree = "<group>"; };
		3C73424AA151A2E5CCA29276 /* libPods-driver.a */ = {isa = PBXFileReference; explicitFileType = archive.ar; includeInIndex = 0; path = "libPods-driver.a"; sourceTree = BUILT_PRODUCTS_DIR; };
		4DE4F53A1502C92110044C1E /* Pods-driver-driverTests.debug.xcconfig */ = {isa = PBXFileReference; includeInIndex = 1; lastKnownFileType = text.xcconfig; name = "Pods-driver-driverTests.debug.xcconfig"; path = "Target Support Files/Pods-driver-driverTests/Pods-driver-driverTests.debug.xcconfig"; sourceTree = "<group>"; };
		6A04E3E8427F4744A4CAE76F /* Pods-driver-driverTests.release.xcconfig */ = {isa = PBXFileReference; includeInIndex = 1; lastKnownFileType = text.xcconfig; name = "Pods-driver-driverTests.release.xcconfig"; path = "Target Support Files/Pods-driver-driverTests/Pods-driver-driverTests.release.xcconfig"; sourceTree = "<group>"; };
		81AB9BB72411601600AC10FF /* LaunchScreen.storyboard */ = {isa = PBXFileReference; fileEncoding = 4; lastKnownFileType = file.storyboard; name = LaunchScreen.storyboard; path = driver/LaunchScreen.storyboard; sourceTree = "<group>"; };
		A1D4C95EE8A601128FA1D6EC /* Pods-driver.release.xcconfig */ = {isa = PBXFileReference; includeInIndex = 1; lastKnownFileType = text.xcconfig; name = "Pods-driver.release.xcconfig"; path = "Target Support Files/Pods-driver/Pods-driver.release.xcconfig"; sourceTree = "<group>"; };
		ED297162215061F000B7C4FE /* JavaScriptCore.framework */ = {isa = PBXFileReference; lastKnownFileType = wrapper.framework; name = JavaScriptCore.framework; path = System/Library/Frameworks/JavaScriptCore.framework; sourceTree = SDKROOT; };
		FF5C34A425746BB1CE7BC935 /* libPods-driver-driverTests.a */ = {isa = PBXFileReference; explicitFileType = archive.ar; includeInIndex = 0; path = "libPods-driver-driverTests.a"; sourceTree = BUILT_PRODUCTS_DIR; };
		0C044F7371E043629882E231 /* AntDesign.ttf */ = {isa = PBXFileReference; name = "AntDesign.ttf"; path = "../node_modules/native-base/Fonts/AntDesign.ttf"; sourceTree = "<group>"; fileEncoding = undefined; lastKnownFileType = unknown; explicitFileType = undefined; includeInIndex = 0; };
		6A42F4B6500F498E88D832B5 /* Entypo.ttf */ = {isa = PBXFileReference; name = "Entypo.ttf"; path = "../node_modules/native-base/Fonts/Entypo.ttf"; sourceTree = "<group>"; fileEncoding = undefined; lastKnownFileType = unknown; explicitFileType = undefined; includeInIndex = 0; };
		E7F76D45A95C462FA1AB9D9C /* EvilIcons.ttf */ = {isa = PBXFileReference; name = "EvilIcons.ttf"; path = "../node_modules/native-base/Fonts/EvilIcons.ttf"; sourceTree = "<group>"; fileEncoding = undefined; lastKnownFileType = unknown; explicitFileType = undefined; includeInIndex = 0; };
		0DC64BDA136740878E3E2749 /* Feather.ttf */ = {isa = PBXFileReference; name = "Feather.ttf"; path = "../node_modules/native-base/Fonts/Feather.ttf"; sourceTree = "<group>"; fileEncoding = undefined; lastKnownFileType = unknown; explicitFileType = undefined; includeInIndex = 0; };
		557A7EFFD7FC4B3FAB43E990 /* FontAwesome.ttf */ = {isa = PBXFileReference; name = "FontAwesome.ttf"; path = "../node_modules/native-base/Fonts/FontAwesome.ttf"; sourceTree = "<group>"; fileEncoding = undefined; lastKnownFileType = unknown; explicitFileType = undefined; includeInIndex = 0; };
		7EE37ADE388C47FABB0187C7 /* FontAwesome5_Brands.ttf */ = {isa = PBXFileReference; name = "FontAwesome5_Brands.ttf"; path = "../node_modules/native-base/Fonts/FontAwesome5_Brands.ttf"; sourceTree = "<group>"; fileEncoding = undefined; lastKnownFileType = unknown; explicitFileType = undefined; includeInIndex = 0; };
		0EF77A0793AB4171B790FFB7 /* FontAwesome5_Regular.ttf */ = {isa = PBXFileReference; name = "FontAwesome5_Regular.ttf"; path = "../node_modules/native-base/Fonts/FontAwesome5_Regular.ttf"; sourceTree = "<group>"; fileEncoding = undefined; lastKnownFileType = unknown; explicitFileType = undefined; includeInIndex = 0; };
		466F70F67AB74BEAA86FE013 /* FontAwesome5_Solid.ttf */ = {isa = PBXFileReference; name = "FontAwesome5_Solid.ttf"; path = "../node_modules/native-base/Fonts/FontAwesome5_Solid.ttf"; sourceTree = "<group>"; fileEncoding = undefined; lastKnownFileType = unknown; explicitFileType = undefined; includeInIndex = 0; };
		D782EE5BE3594A9F92077815 /* Fontisto.ttf */ = {isa = PBXFileReference; name = "Fontisto.ttf"; path = "../node_modules/native-base/Fonts/Fontisto.ttf"; sourceTree = "<group>"; fileEncoding = undefined; lastKnownFileType = unknown; explicitFileType = undefined; includeInIndex = 0; };
		9DB27549C81A481CAAA916B6 /* Foundation.ttf */ = {isa = PBXFileReference; name = "Foundation.ttf"; path = "../node_modules/native-base/Fonts/Foundation.ttf"; sourceTree = "<group>"; fileEncoding = undefined; lastKnownFileType = unknown; explicitFileType = undefined; includeInIndex = 0; };
		DC3C8BDC9B244E7F965E1CA6 /* Ionicons.ttf */ = {isa = PBXFileReference; name = "Ionicons.ttf"; path = "../node_modules/native-base/Fonts/Ionicons.ttf"; sourceTree = "<group>"; fileEncoding = undefined; lastKnownFileType = unknown; explicitFileType = undefined; includeInIndex = 0; };
		98CB1656E5034AD1BEFE9D1B /* MaterialCommunityIcons.ttf */ = {isa = PBXFileReference; name = "MaterialCommunityIcons.ttf"; path = "../node_modules/native-base/Fonts/MaterialCommunityIcons.ttf"; sourceTree = "<group>"; fileEncoding = undefined; lastKnownFileType = unknown; explicitFileType = undefined; includeInIndex = 0; };
		CE834AB27FEE4FB2B4987615 /* MaterialIcons.ttf */ = {isa = PBXFileReference; name = "MaterialIcons.ttf"; path = "../node_modules/native-base/Fonts/MaterialIcons.ttf"; sourceTree = "<group>"; fileEncoding = undefined; lastKnownFileType = unknown; explicitFileType = undefined; includeInIndex = 0; };
		15A6612514C04CFA8D45E5A7 /* Octicons.ttf */ = {isa = PBXFileReference; name = "Octicons.ttf"; path = "../node_modules/native-base/Fonts/Octicons.ttf"; sourceTree = "<group>"; fileEncoding = undefined; lastKnownFileType = unknown; explicitFileType = undefined; includeInIndex = 0; };
		D92BA31C40784CDAAA49F799 /* Roboto_medium.ttf */ = {isa = PBXFileReference; name = "Roboto_medium.ttf"; path = "../node_modules/native-base/Fonts/Roboto_medium.ttf"; sourceTree = "<group>"; fileEncoding = undefined; lastKnownFileType = unknown; explicitFileType = undefined; includeInIndex = 0; };
		9D78C3ACE3EB47E3AAC02EA1 /* Roboto.ttf */ = {isa = PBXFileReference; name = "Roboto.ttf"; path = "../node_modules/native-base/Fonts/Roboto.ttf"; sourceTree = "<group>"; fileEncoding = undefined; lastKnownFileType = unknown; explicitFileType = undefined; includeInIndex = 0; };
		D81AAD1233644BBCACD5ACE3 /* rubicon-icon-font.ttf */ = {isa = PBXFileReference; name = "rubicon-icon-font.ttf"; path = "../node_modules/native-base/Fonts/rubicon-icon-font.ttf"; sourceTree = "<group>"; fileEncoding = undefined; lastKnownFileType = unknown; explicitFileType = undefined; includeInIndex = 0; };
		BD60A13B10BC4F768A1FD9FF /* SimpleLineIcons.ttf */ = {isa = PBXFileReference; name = "SimpleLineIcons.ttf"; path = "../node_modules/native-base/Fonts/SimpleLineIcons.ttf"; sourceTree = "<group>"; fileEncoding = undefined; lastKnownFileType = unknown; explicitFileType = undefined; includeInIndex = 0; };
		8D2EAEE4EB79404CAD37EC65 /* Zocial.ttf */ = {isa = PBXFileReference; name = "Zocial.ttf"; path = "../node_modules/native-base/Fonts/Zocial.ttf"; sourceTree = "<group>"; fileEncoding = undefined; lastKnownFileType = unknown; explicitFileType = undefined; includeInIndex = 0; };
		913BBF6580F2401AAD0381DA /* Poppins-Black.ttf */ = {isa = PBXFileReference; name = "Poppins-Black.ttf"; path = "../App/assets/fonts/Poppins-Black.ttf"; sourceTree = "<group>"; fileEncoding = undefined; lastKnownFileType = unknown; explicitFileType = undefined; includeInIndex = 0; };
		267DDD4C48C44F198C7F9153 /* Poppins-BlackItalic.ttf */ = {isa = PBXFileReference; name = "Poppins-BlackItalic.ttf"; path = "../App/assets/fonts/Poppins-BlackItalic.ttf"; sourceTree = "<group>"; fileEncoding = undefined; lastKnownFileType = unknown; explicitFileType = undefined; includeInIndex = 0; };
		8BAA44D68B0740FB9B849922 /* Poppins-Bold.ttf */ = {isa = PBXFileReference; name = "Poppins-Bold.ttf"; path = "../App/assets/fonts/Poppins-Bold.ttf"; sourceTree = "<group>"; fileEncoding = undefined; lastKnownFileType = unknown; explicitFileType = undefined; includeInIndex = 0; };
		ADF014A6058D4E0AB2CB96F9 /* Poppins-BoldItalic.ttf */ = {isa = PBXFileReference; name = "Poppins-BoldItalic.ttf"; path = "../App/assets/fonts/Poppins-BoldItalic.ttf"; sourceTree = "<group>"; fileEncoding = undefined; lastKnownFileType = unknown; explicitFileType = undefined; includeInIndex = 0; };
		084508D157F24F3F8587890E /* Poppins-ExtraBold.ttf */ = {isa = PBXFileReference; name = "Poppins-ExtraBold.ttf"; path = "../App/assets/fonts/Poppins-ExtraBold.ttf"; sourceTree = "<group>"; fileEncoding = undefined; lastKnownFileType = unknown; explicitFileType = undefined; includeInIndex = 0; };
		498E28C6D73B4D2786EBD064 /* Poppins-ExtraBoldItalic.ttf */ = {isa = PBXFileReference; name = "Poppins-ExtraBoldItalic.ttf"; path = "../App/assets/fonts/Poppins-ExtraBoldItalic.ttf"; sourceTree = "<group>"; fileEncoding = undefined; lastKnownFileType = unknown; explicitFileType = undefined; includeInIndex = 0; };
		5B3884B4BDF341009206C0B0 /* Poppins-ExtraLight.ttf */ = {isa = PBXFileReference; name = "Poppins-ExtraLight.ttf"; path = "../App/assets/fonts/Poppins-ExtraLight.ttf"; sourceTree = "<group>"; fileEncoding = undefined; lastKnownFileType = unknown; explicitFileType = undefined; includeInIndex = 0; };
		989AD253DDF44387A4381C9F /* Poppins-ExtraLightItalic.ttf */ = {isa = PBXFileReference; name = "Poppins-ExtraLightItalic.ttf"; path = "../App/assets/fonts/Poppins-ExtraLightItalic.ttf"; sourceTree = "<group>"; fileEncoding = undefined; lastKnownFileType = unknown; explicitFileType = undefined; includeInIndex = 0; };
		395FDE52493A4AF3B1432827 /* Poppins-Italic.ttf */ = {isa = PBXFileReference; name = "Poppins-Italic.ttf"; path = "../App/assets/fonts/Poppins-Italic.ttf"; sourceTree = "<group>"; fileEncoding = undefined; lastKnownFileType = unknown; explicitFileType = undefined; includeInIndex = 0; };
		9FD231C2EF7D4099B8D32578 /* Poppins-Light.ttf */ = {isa = PBXFileReference; name = "Poppins-Light.ttf"; path = "../App/assets/fonts/Poppins-Light.ttf"; sourceTree = "<group>"; fileEncoding = undefined; lastKnownFileType = unknown; explicitFileType = undefined; includeInIndex = 0; };
		E2D2687925504A7B948940C0 /* Poppins-LightItalic.ttf */ = {isa = PBXFileReference; name = "Poppins-LightItalic.ttf"; path = "../App/assets/fonts/Poppins-LightItalic.ttf"; sourceTree = "<group>"; fileEncoding = undefined; lastKnownFileType = unknown; explicitFileType = undefined; includeInIndex = 0; };
		662D3AC9F2DC4016B526AAE4 /* Poppins-Medium.ttf */ = {isa = PBXFileReference; name = "Poppins-Medium.ttf"; path = "../App/assets/fonts/Poppins-Medium.ttf"; sourceTree = "<group>"; fileEncoding = undefined; lastKnownFileType = unknown; explicitFileType = undefined; includeInIndex = 0; };
		9DFB5291D75D4B0086B973DD /* Poppins-MediumItalic.ttf */ = {isa = PBXFileReference; name = "Poppins-MediumItalic.ttf"; path = "../App/assets/fonts/Poppins-MediumItalic.ttf"; sourceTree = "<group>"; fileEncoding = undefined; lastKnownFileType = unknown; explicitFileType = undefined; includeInIndex = 0; };
		EC99F30930DB4A298D6A56E5 /* Poppins-Regular.ttf */ = {isa = PBXFileReference; name = "Poppins-Regular.ttf"; path = "../App/assets/fonts/Poppins-Regular.ttf"; sourceTree = "<group>"; fileEncoding = undefined; lastKnownFileType = unknown; explicitFileType = undefined; includeInIndex = 0; };
		F30DD0382B714B03AD74131B /* Poppins-SemiBold.ttf */ = {isa = PBXFileReference; name = "Poppins-SemiBold.ttf"; path = "../App/assets/fonts/Poppins-SemiBold.ttf"; sourceTree = "<group>"; fileEncoding = undefined; lastKnownFileType = unknown; explicitFileType = undefined; includeInIndex = 0; };
		E25FD8B2FA76445591708119 /* Poppins-SemiBoldItalic.ttf */ = {isa = PBXFileReference; name = "Poppins-SemiBoldItalic.ttf"; path = "../App/assets/fonts/Poppins-SemiBoldItalic.ttf"; sourceTree = "<group>"; fileEncoding = undefined; lastKnownFileType = unknown; explicitFileType = undefined; includeInIndex = 0; };
		B847F14261B74BFB95BD94F9 /* Poppins-Thin.ttf */ = {isa = PBXFileReference; name = "Poppins-Thin.ttf"; path = "../App/assets/fonts/Poppins-Thin.ttf"; sourceTree = "<group>"; fileEncoding = undefined; lastKnownFileType = unknown; explicitFileType = undefined; includeInIndex = 0; };
		373EFC0A923E4D628CA186D6 /* Poppins-ThinItalic.ttf */ = {isa = PBXFileReference; name = "Poppins-ThinItalic.ttf"; path = "../App/assets/fonts/Poppins-ThinItalic.ttf"; sourceTree = "<group>"; fileEncoding = undefined; lastKnownFileType = unknown; explicitFileType = undefined; includeInIndex = 0; };
/* End PBXFileReference section */

/* Begin PBXFrameworksBuildPhase section */
		00E356EB1AD99517003FC87E /* Frameworks */ = {
			isa = PBXFrameworksBuildPhase;
			buildActionMask = 2147483647;
			files = (
				79239B22CB4E449A77FADCF2 /* libPods-driver-driverTests.a in Frameworks */,
			);
			runOnlyForDeploymentPostprocessing = 0;
		};
		13B07F8C1A680F5B00A75B9A /* Frameworks */ = {
			isa = PBXFrameworksBuildPhase;
			buildActionMask = 2147483647;
			files = (
				DAC0A1DF91435B9DA9BAB134 /* libPods-driver.a in Frameworks */,
			);
			runOnlyForDeploymentPostprocessing = 0;
		};
/* End PBXFrameworksBuildPhase section */

/* Begin PBXGroup section */
		00E356EF1AD99517003FC87E /* driverTests */ = {
			isa = PBXGroup;
			children = (
				00E356F21AD99517003FC87E /* driverTests.m */,
				00E356F01AD99517003FC87E /* Supporting Files */,
			);
			path = driverTests;
			sourceTree = "<group>";
		};
		00E356F01AD99517003FC87E /* Supporting Files */ = {
			isa = PBXGroup;
			children = (
				00E356F11AD99517003FC87E /* Info.plist */,
			);
			name = "Supporting Files";
			sourceTree = "<group>";
		};
		13B07FAE1A68108700A75B9A /* driver */ = {
			isa = PBXGroup;
			children = (
				13B07FAF1A68108700A75B9A /* AppDelegate.h */,
				13B07FB01A68108700A75B9A /* AppDelegate.m */,
				13B07FB51A68108700A75B9A /* Images.xcassets */,
				13B07FB61A68108700A75B9A /* Info.plist */,
				81AB9BB72411601600AC10FF /* LaunchScreen.storyboard */,
				13B07FB71A68108700A75B9A /* main.m */,
			);
			name = driver;
			sourceTree = "<group>";
		};
		2D16E6871FA4F8E400B85C8A /* Frameworks */ = {
			isa = PBXGroup;
			children = (
				ED297162215061F000B7C4FE /* JavaScriptCore.framework */,
				3C73424AA151A2E5CCA29276 /* libPods-driver.a */,
				FF5C34A425746BB1CE7BC935 /* libPods-driver-driverTests.a */,
			);
			name = Frameworks;
			sourceTree = "<group>";
		};
		43D27C60DE84A7F5F7FB2D07 /* Pods */ = {
			isa = PBXGroup;
			children = (
				058A0896E392C56AD494095F /* Pods-driver.debug.xcconfig */,
				A1D4C95EE8A601128FA1D6EC /* Pods-driver.release.xcconfig */,
				4DE4F53A1502C92110044C1E /* Pods-driver-driverTests.debug.xcconfig */,
				6A04E3E8427F4744A4CAE76F /* Pods-driver-driverTests.release.xcconfig */,
			);
			name = Pods;
			path = Pods;
			sourceTree = "<group>";
		};
		832341AE1AAA6A7D00B99B32 /* Libraries */ = {
			isa = PBXGroup;
			children = (
			);
			name = Libraries;
			sourceTree = "<group>";
		};
		83CBB9F61A601CBA00E9B192 = {
			isa = PBXGroup;
			children = (
				13B07FAE1A68108700A75B9A /* driver */,
				832341AE1AAA6A7D00B99B32 /* Libraries */,
				00E356EF1AD99517003FC87E /* driverTests */,
				83CBBA001A601CBA00E9B192 /* Products */,
				2D16E6871FA4F8E400B85C8A /* Frameworks */,
				43D27C60DE84A7F5F7FB2D07 /* Pods */,
				492BCDC4A9F446C4BE56A443 /* Resources */,
			);
			indentWidth = 2;
			sourceTree = "<group>";
			tabWidth = 2;
			usesTabs = 0;
		};
		83CBBA001A601CBA00E9B192 /* Products */ = {
			isa = PBXGroup;
			children = (
				13B07F961A680F5B00A75B9A /* driver.app */,
				00E356EE1AD99517003FC87E /* driverTests.xctest */,
			);
			name = Products;
			sourceTree = "<group>";
		};
		492BCDC4A9F446C4BE56A443 /* Resources */ = {
			isa = "PBXGroup";
			children = (
				0C044F7371E043629882E231 /* AntDesign.ttf */,
				6A42F4B6500F498E88D832B5 /* Entypo.ttf */,
				E7F76D45A95C462FA1AB9D9C /* EvilIcons.ttf */,
				0DC64BDA136740878E3E2749 /* Feather.ttf */,
				557A7EFFD7FC4B3FAB43E990 /* FontAwesome.ttf */,
				7EE37ADE388C47FABB0187C7 /* FontAwesome5_Brands.ttf */,
				0EF77A0793AB4171B790FFB7 /* FontAwesome5_Regular.ttf */,
				466F70F67AB74BEAA86FE013 /* FontAwesome5_Solid.ttf */,
				D782EE5BE3594A9F92077815 /* Fontisto.ttf */,
				9DB27549C81A481CAAA916B6 /* Foundation.ttf */,
				DC3C8BDC9B244E7F965E1CA6 /* Ionicons.ttf */,
				98CB1656E5034AD1BEFE9D1B /* MaterialCommunityIcons.ttf */,
				CE834AB27FEE4FB2B4987615 /* MaterialIcons.ttf */,
				15A6612514C04CFA8D45E5A7 /* Octicons.ttf */,
				D92BA31C40784CDAAA49F799 /* Roboto_medium.ttf */,
				9D78C3ACE3EB47E3AAC02EA1 /* Roboto.ttf */,
				D81AAD1233644BBCACD5ACE3 /* rubicon-icon-font.ttf */,
				BD60A13B10BC4F768A1FD9FF /* SimpleLineIcons.ttf */,
				8D2EAEE4EB79404CAD37EC65 /* Zocial.ttf */,
				913BBF6580F2401AAD0381DA /* Poppins-Black.ttf */,
				267DDD4C48C44F198C7F9153 /* Poppins-BlackItalic.ttf */,
				8BAA44D68B0740FB9B849922 /* Poppins-Bold.ttf */,
				ADF014A6058D4E0AB2CB96F9 /* Poppins-BoldItalic.ttf */,
				084508D157F24F3F8587890E /* Poppins-ExtraBold.ttf */,
				498E28C6D73B4D2786EBD064 /* Poppins-ExtraBoldItalic.ttf */,
				5B3884B4BDF341009206C0B0 /* Poppins-ExtraLight.ttf */,
				989AD253DDF44387A4381C9F /* Poppins-ExtraLightItalic.ttf */,
				395FDE52493A4AF3B1432827 /* Poppins-Italic.ttf */,
				9FD231C2EF7D4099B8D32578 /* Poppins-Light.ttf */,
				E2D2687925504A7B948940C0 /* Poppins-LightItalic.ttf */,
				662D3AC9F2DC4016B526AAE4 /* Poppins-Medium.ttf */,
				9DFB5291D75D4B0086B973DD /* Poppins-MediumItalic.ttf */,
				EC99F30930DB4A298D6A56E5 /* Poppins-Regular.ttf */,
				F30DD0382B714B03AD74131B /* Poppins-SemiBold.ttf */,
				E25FD8B2FA76445591708119 /* Poppins-SemiBoldItalic.ttf */,
				B847F14261B74BFB95BD94F9 /* Poppins-Thin.ttf */,
				373EFC0A923E4D628CA186D6 /* Poppins-ThinItalic.ttf */,
			);
			name = Resources;
			sourceTree = "<group>";
			path = "";
		};
/* End PBXGroup section */

/* Begin PBXNativeTarget section */
		00E356ED1AD99517003FC87E /* driverTests */ = {
			isa = PBXNativeTarget;
			buildConfigurationList = 00E357021AD99517003FC87E /* Build configuration list for PBXNativeTarget "driverTests" */;
			buildPhases = (
				F402EA8E0BEBB5A5BD27A8D3 /* [CP] Check Pods Manifest.lock */,
				00E356EA1AD99517003FC87E /* Sources */,
				00E356EB1AD99517003FC87E /* Frameworks */,
				00E356EC1AD99517003FC87E /* Resources */,
				E29FB6879943D99276BDB308 /* [CP] Embed Pods Frameworks */,
				CAB9B3BE573945A8EC54190C /* [CP] Copy Pods Resources */,
			);
			buildRules = (
			);
			dependencies = (
				00E356F51AD99517003FC87E /* PBXTargetDependency */,
			);
			name = driverTests;
			productName = driverTests;
			productReference = 00E356EE1AD99517003FC87E /* driverTests.xctest */;
			productType = "com.apple.product-type.bundle.unit-test";
		};
		13B07F861A680F5B00A75B9A /* driver */ = {
			isa = PBXNativeTarget;
			buildConfigurationList = 13B07F931A680F5B00A75B9A /* Build configuration list for PBXNativeTarget "driver" */;
			buildPhases = (
				D05427403FB2FA758DE334D0 /* [CP] Check Pods Manifest.lock */,
				FD10A7F022414F080027D42C /* Start Packager */,
				13B07F871A680F5B00A75B9A /* Sources */,
				13B07F8C1A680F5B00A75B9A /* Frameworks */,
				13B07F8E1A680F5B00A75B9A /* Resources */,
				00DD1BFF1BD5951E006B06BC /* Bundle React Native code and images */,
				1E2E12E1E7D87B867D49979F /* [CP] Embed Pods Frameworks */,
				95AE83880FC2DB3DA29DB7DA /* [CP] Copy Pods Resources */,
			);
			buildRules = (
			);
			dependencies = (
			);
			name = driver;
			productName = driver;
			productReference = 13B07F961A680F5B00A75B9A /* driver.app */;
			productType = "com.apple.product-type.application";
		};
/* End PBXNativeTarget section */

/* Begin PBXProject section */
		83CBB9F71A601CBA00E9B192 /* Project object */ = {
			isa = PBXProject;
			attributes = {
				LastUpgradeCheck = 1210;
				TargetAttributes = {
					00E356ED1AD99517003FC87E = {
						CreatedOnToolsVersion = 6.2;
						TestTargetID = 13B07F861A680F5B00A75B9A;
					};
					13B07F861A680F5B00A75B9A = {
						LastSwiftMigration = 1120;
					};
				};
			};
			buildConfigurationList = 83CBB9FA1A601CBA00E9B192 /* Build configuration list for PBXProject "driver" */;
			compatibilityVersion = "Xcode 12.0";
			developmentRegion = en;
			hasScannedForEncodings = 0;
			knownRegions = (
				en,
				Base,
			);
			mainGroup = 83CBB9F61A601CBA00E9B192;
			productRefGroup = 83CBBA001A601CBA00E9B192 /* Products */;
			projectDirPath = "";
			projectRoot = "";
			targets = (
				13B07F861A680F5B00A75B9A /* driver */,
				00E356ED1AD99517003FC87E /* driverTests */,
			);
		};
/* End PBXProject section */

/* Begin PBXResourcesBuildPhase section */
		00E356EC1AD99517003FC87E /* Resources */ = {
			isa = PBXResourcesBuildPhase;
			buildActionMask = 2147483647;
			files = (
			);
			runOnlyForDeploymentPostprocessing = 0;
		};
		13B07F8E1A680F5B00A75B9A /* Resources */ = {
			isa = PBXResourcesBuildPhase;
			buildActionMask = 2147483647;
			files = (
				81AB9BB82411601600AC10FF /* LaunchScreen.storyboard in Resources */,
				13B07FBF1A68108700A75B9A /* Images.xcassets in Resources */,
				A3A5DA187B9F45E1A48C01A9 /* AntDesign.ttf in Resources */,
				002D3BAED031457AA12AF2C2 /* Entypo.ttf in Resources */,
				AB652D6BDB2E49FBAE5E8F7D /* EvilIcons.ttf in Resources */,
				A4FFCAC34EF04B3B8F43D6B7 /* Feather.ttf in Resources */,
				5D885C4AC65D4978A5ACDF51 /* FontAwesome.ttf in Resources */,
				20C922AEE63F44859A9497ED /* FontAwesome5_Brands.ttf in Resources */,
				F90BFF41A95C400A809AE528 /* FontAwesome5_Regular.ttf in Resources */,
				DFBFDC08163D471A886F1677 /* FontAwesome5_Solid.ttf in Resources */,
				1604DFFCBECB445290934F55 /* Fontisto.ttf in Resources */,
				1494EF81E4B6418FAC984D5A /* Foundation.ttf in Resources */,
				0F6EE55CD39141E2BF0D68D4 /* Ionicons.ttf in Resources */,
				AADF81BECAE64ED9A0418306 /* MaterialCommunityIcons.ttf in Resources */,
				7DF7D741CD084C4E9DE08D85 /* MaterialIcons.ttf in Resources */,
				675D6E8042D2470287C54189 /* Octicons.ttf in Resources */,
				BFF60C33039B4FCB858A459B /* Roboto_medium.ttf in Resources */,
				75D263ED9A8F4A00B0F272D0 /* Roboto.ttf in Resources */,
				67315DE7F77E4DE5AAB6A1F4 /* rubicon-icon-font.ttf in Resources */,
				D9B5181EECD34B37BBE885A8 /* SimpleLineIcons.ttf in Resources */,
				7090500306934C16B4B0CE23 /* Zocial.ttf in Resources */,
				F7D6CBCDBE574E0A878BDCF2 /* Poppins-Black.ttf in Resources */,
				02386BB0447746889D9960B6 /* Poppins-BlackItalic.ttf in Resources */,
				D385AA6ABBAF4DB3813D95C0 /* Poppins-Bold.ttf in Resources */,
				196A44366173428BB2FFE3B3 /* Poppins-BoldItalic.ttf in Resources */,
				7D47D1E066CB42DA84188D35 /* Poppins-ExtraBold.ttf in Resources */,
				C40FDDA8B42E44DCA6D4F581 /* Poppins-ExtraBoldItalic.ttf in Resources */,
				87FC0F5E203A4673AF686999 /* Poppins-ExtraLight.ttf in Resources */,
				912FC4EC1D904537BEF71B07 /* Poppins-ExtraLightItalic.ttf in Resources */,
				BA86A2D034E4481096A066E2 /* Poppins-Italic.ttf in Resources */,
				1AA6F95B4AF447B2A17F4B37 /* Poppins-Light.ttf in Resources */,
				4C978FFC3E0F41AAB118020D /* Poppins-LightItalic.ttf in Resources */,
				148D69856A9C4FCB978C6799 /* Poppins-Medium.ttf in Resources */,
				714DBCA248A4463485D8C2C3 /* Poppins-MediumItalic.ttf in Resources */,
				CEA67CFC4C6E439695C9CFFD /* Poppins-Regular.ttf in Resources */,
				572906FED1D04270ADB134B3 /* Poppins-SemiBold.ttf in Resources */,
				54C78A9C66864319B033120D /* Poppins-SemiBoldItalic.ttf in Resources */,
				B2FCE80EFB5B47808851079C /* Poppins-Thin.ttf in Resources */,
				F4A214488EAD43A396B6AB1C /* Poppins-ThinItalic.ttf in Resources */,
			);
			runOnlyForDeploymentPostprocessing = 0;
		};
/* End PBXResourcesBuildPhase section */

/* Begin PBXShellScriptBuildPhase section */
		00DD1BFF1BD5951E006B06BC /* Bundle React Native code and images */ = {
			isa = PBXShellScriptBuildPhase;
			buildActionMask = 2147483647;
			files = (
			);
			inputPaths = (
			);
			name = "Bundle React Native code and images";
			outputPaths = (
			);
			runOnlyForDeploymentPostprocessing = 0;
			shellPath = /bin/sh;
			shellScript = "set -e\n\nexport NODE_BINARY=node\n../node_modules/react-native/scripts/react-native-xcode.sh\n";
		};
		1E2E12E1E7D87B867D49979F /* [CP] Embed Pods Frameworks */ = {
			isa = PBXShellScriptBuildPhase;
			buildActionMask = 2147483647;
			files = (
			);
			inputFileListPaths = (
				"${PODS_ROOT}/Target Support Files/Pods-driver/Pods-driver-frameworks-${CONFIGURATION}-input-files.xcfilelist",
			);
			name = "[CP] Embed Pods Frameworks";
			outputFileListPaths = (
				"${PODS_ROOT}/Target Support Files/Pods-driver/Pods-driver-frameworks-${CONFIGURATION}-output-files.xcfilelist",
			);
			runOnlyForDeploymentPostprocessing = 0;
			shellPath = /bin/sh;
			shellScript = "\"${PODS_ROOT}/Target Support Files/Pods-driver/Pods-driver-frameworks.sh\"\n";
			showEnvVarsInLog = 0;
		};
		95AE83880FC2DB3DA29DB7DA /* [CP] Copy Pods Resources */ = {
			isa = PBXShellScriptBuildPhase;
			buildActionMask = 2147483647;
			files = (
			);
			inputFileListPaths = (
				"${PODS_ROOT}/Target Support Files/Pods-driver/Pods-driver-resources-${CONFIGURATION}-input-files.xcfilelist",
			);
			name = "[CP] Copy Pods Resources";
			outputFileListPaths = (
				"${PODS_ROOT}/Target Support Files/Pods-driver/Pods-driver-resources-${CONFIGURATION}-output-files.xcfilelist",
			);
			runOnlyForDeploymentPostprocessing = 0;
			shellPath = /bin/sh;
			shellScript = "\"${PODS_ROOT}/Target Support Files/Pods-driver/Pods-driver-resources.sh\"\n";
			showEnvVarsInLog = 0;
		};
		CAB9B3BE573945A8EC54190C /* [CP] Copy Pods Resources */ = {
			isa = PBXShellScriptBuildPhase;
			buildActionMask = 2147483647;
			files = (
			);
			inputFileListPaths = (
				"${PODS_ROOT}/Target Support Files/Pods-driver-driverTests/Pods-driver-driverTests-resources-${CONFIGURATION}-input-files.xcfilelist",
			);
			name = "[CP] Copy Pods Resources";
			outputFileListPaths = (
				"${PODS_ROOT}/Target Support Files/Pods-driver-driverTests/Pods-driver-driverTests-resources-${CONFIGURATION}-output-files.xcfilelist",
			);
			runOnlyForDeploymentPostprocessing = 0;
			shellPath = /bin/sh;
			shellScript = "\"${PODS_ROOT}/Target Support Files/Pods-driver-driverTests/Pods-driver-driverTests-resources.sh\"\n";
			showEnvVarsInLog = 0;
		};
		D05427403FB2FA758DE334D0 /* [CP] Check Pods Manifest.lock */ = {
			isa = PBXShellScriptBuildPhase;
			buildActionMask = 2147483647;
			files = (
			);
			inputFileListPaths = (
			);
			inputPaths = (
				"${PODS_PODFILE_DIR_PATH}/Podfile.lock",
				"${PODS_ROOT}/Manifest.lock",
			);
			name = "[CP] Check Pods Manifest.lock";
			outputFileListPaths = (
			);
			outputPaths = (
				"$(DERIVED_FILE_DIR)/Pods-driver-checkManifestLockResult.txt",
			);
			runOnlyForDeploymentPostprocessing = 0;
			shellPath = /bin/sh;
			shellScript = "diff \"${PODS_PODFILE_DIR_PATH}/Podfile.lock\" \"${PODS_ROOT}/Manifest.lock\" > /dev/null\nif [ $? != 0 ] ; then\n    # print error to STDERR\n    echo \"error: The sandbox is not in sync with the Podfile.lock. Run 'pod install' or update your CocoaPods installation.\" >&2\n    exit 1\nfi\n# This output is used by Xcode 'outputs' to avoid re-running this script phase.\necho \"SUCCESS\" > \"${SCRIPT_OUTPUT_FILE_0}\"\n";
			showEnvVarsInLog = 0;
		};
		E29FB6879943D99276BDB308 /* [CP] Embed Pods Frameworks */ = {
			isa = PBXShellScriptBuildPhase;
			buildActionMask = 2147483647;
			files = (
			);
			inputFileListPaths = (
				"${PODS_ROOT}/Target Support Files/Pods-driver-driverTests/Pods-driver-driverTests-frameworks-${CONFIGURATION}-input-files.xcfilelist",
			);
			name = "[CP] Embed Pods Frameworks";
			outputFileListPaths = (
				"${PODS_ROOT}/Target Support Files/Pods-driver-driverTests/Pods-driver-driverTests-frameworks-${CONFIGURATION}-output-files.xcfilelist",
			);
			runOnlyForDeploymentPostprocessing = 0;
			shellPath = /bin/sh;
			shellScript = "\"${PODS_ROOT}/Target Support Files/Pods-driver-driverTests/Pods-driver-driverTests-frameworks.sh\"\n";
			showEnvVarsInLog = 0;
		};
		F402EA8E0BEBB5A5BD27A8D3 /* [CP] Check Pods Manifest.lock */ = {
			isa = PBXShellScriptBuildPhase;
			buildActionMask = 2147483647;
			files = (
			);
			inputFileListPaths = (
			);
			inputPaths = (
				"${PODS_PODFILE_DIR_PATH}/Podfile.lock",
				"${PODS_ROOT}/Manifest.lock",
			);
			name = "[CP] Check Pods Manifest.lock";
			outputFileListPaths = (
			);
			outputPaths = (
				"$(DERIVED_FILE_DIR)/Pods-driver-driverTests-checkManifestLockResult.txt",
			);
			runOnlyForDeploymentPostprocessing = 0;
			shellPath = /bin/sh;
			shellScript = "diff \"${PODS_PODFILE_DIR_PATH}/Podfile.lock\" \"${PODS_ROOT}/Manifest.lock\" > /dev/null\nif [ $? != 0 ] ; then\n    # print error to STDERR\n    echo \"error: The sandbox is not in sync with the Podfile.lock. Run 'pod install' or update your CocoaPods installation.\" >&2\n    exit 1\nfi\n# This output is used by Xcode 'outputs' to avoid re-running this script phase.\necho \"SUCCESS\" > \"${SCRIPT_OUTPUT_FILE_0}\"\n";
			showEnvVarsInLog = 0;
		};
		FD10A7F022414F080027D42C /* Start Packager */ = {
			isa = PBXShellScriptBuildPhase;
			buildActionMask = 2147483647;
			files = (
			);
			inputFileListPaths = (
			);
			inputPaths = (
			);
			name = "Start Packager";
			outputFileListPaths = (
			);
			outputPaths = (
			);
			runOnlyForDeploymentPostprocessing = 0;
			shellPath = /bin/sh;
			shellScript = "export RCT_METRO_PORT=\"${RCT_METRO_PORT:=8081}\"\necho \"export RCT_METRO_PORT=${RCT_METRO_PORT}\" > \"${SRCROOT}/../node_modules/react-native/scripts/.packager.env\"\nif [ -z \"${RCT_NO_LAUNCH_PACKAGER+xxx}\" ] ; then\n  if nc -w 5 -z localhost ${RCT_METRO_PORT} ; then\n    if ! curl -s \"http://localhost:${RCT_METRO_PORT}/status\" | grep -q \"packager-status:running\" ; then\n      echo \"Port ${RCT_METRO_PORT} already in use, packager is either not running or not running correctly\"\n      exit 2\n    fi\n  else\n    open \"$SRCROOT/../node_modules/react-native/scripts/launchPackager.command\" || echo \"Can't start packager automatically\"\n  fi\nfi\n";
			showEnvVarsInLog = 0;
		};
/* End PBXShellScriptBuildPhase section */

/* Begin PBXSourcesBuildPhase section */
		00E356EA1AD99517003FC87E /* Sources */ = {
			isa = PBXSourcesBuildPhase;
			buildActionMask = 2147483647;
			files = (
				00E356F31AD99517003FC87E /* driverTests.m in Sources */,
			);
			runOnlyForDeploymentPostprocessing = 0;
		};
		13B07F871A680F5B00A75B9A /* Sources */ = {
			isa = PBXSourcesBuildPhase;
			buildActionMask = 2147483647;
			files = (
				13B07FBC1A68108700A75B9A /* AppDelegate.m in Sources */,
				13B07FC11A68108700A75B9A /* main.m in Sources */,
			);
			runOnlyForDeploymentPostprocessing = 0;
		};
/* End PBXSourcesBuildPhase section */

/* Begin PBXTargetDependency section */
		00E356F51AD99517003FC87E /* PBXTargetDependency */ = {
			isa = PBXTargetDependency;
			target = 13B07F861A680F5B00A75B9A /* driver */;
			targetProxy = 00E356F41AD99517003FC87E /* PBXContainerItemProxy */;
		};
/* End PBXTargetDependency section */

/* Begin XCBuildConfiguration section */
		00E356F61AD99517003FC87E /* Debug */ = {
			isa = XCBuildConfiguration;
			baseConfigurationReference = 4DE4F53A1502C92110044C1E /* Pods-driver-driverTests.debug.xcconfig */;
			buildSettings = {
				BUNDLE_LOADER = "$(TEST_HOST)";
				GCC_PREPROCESSOR_DEFINITIONS = (
					"DEBUG=1",
					"$(inherited)",
				);
				INFOPLIST_FILE = driverTests/Info.plist;
				IPHONEOS_DEPLOYMENT_TARGET = 10.0;
				LD_RUNPATH_SEARCH_PATHS = (
					"$(inherited)",
					"@executable_path/Frameworks",
					"@loader_path/Frameworks",
				);
				OTHER_LDFLAGS = (
					"-ObjC",
					"-lc++",
					"$(inherited)",
				);
				PRODUCT_BUNDLE_IDENTIFIER = "org.reactjs.native.example.$(PRODUCT_NAME:rfc1034identifier)";
				PRODUCT_NAME = "$(TARGET_NAME)";
				TEST_HOST = "$(BUILT_PRODUCTS_DIR)/driver.app/driver";
			};
			name = Debug;
		};
		00E356F71AD99517003FC87E /* Release */ = {
			isa = XCBuildConfiguration;
			baseConfigurationReference = 6A04E3E8427F4744A4CAE76F /* Pods-driver-driverTests.release.xcconfig */;
			buildSettings = {
				BUNDLE_LOADER = "$(TEST_HOST)";
				COPY_PHASE_STRIP = NO;
				INFOPLIST_FILE = driverTests/Info.plist;
				IPHONEOS_DEPLOYMENT_TARGET = 10.0;
				LD_RUNPATH_SEARCH_PATHS = (
					"$(inherited)",
					"@executable_path/Frameworks",
					"@loader_path/Frameworks",
				);
				OTHER_LDFLAGS = (
					"-ObjC",
					"-lc++",
					"$(inherited)",
				);
				PRODUCT_BUNDLE_IDENTIFIER = "org.reactjs.native.example.$(PRODUCT_NAME:rfc1034identifier)";
				PRODUCT_NAME = "$(TARGET_NAME)";
				TEST_HOST = "$(BUILT_PRODUCTS_DIR)/driver.app/driver";
			};
			name = Release;
		};
		13B07F941A680F5B00A75B9A /* Debug */ = {
			isa = XCBuildConfiguration;
			baseConfigurationReference = 058A0896E392C56AD494095F /* Pods-driver.debug.xcconfig */;
			buildSettings = {
				ASSETCATALOG_COMPILER_APPICON_NAME = AppIcon;
				CLANG_ENABLE_MODULES = YES;
				CURRENT_PROJECT_VERSION = 1;
				ENABLE_BITCODE = NO;
				INFOPLIST_FILE = driver/Info.plist;
				LD_RUNPATH_SEARCH_PATHS = (
					"$(inherited)",
					"@executable_path/Frameworks",
				);
				OTHER_LDFLAGS = (
					"$(inherited)",
					"-ObjC",
					"-lc++",
				);
				PRODUCT_BUNDLE_IDENTIFIER = "org.reactjs.native.example.$(PRODUCT_NAME:rfc1034identifier)";
				PRODUCT_NAME = driver;
				SWIFT_OPTIMIZATION_LEVEL = "-Onone";
				SWIFT_VERSION = 5.0;
				VERSIONING_SYSTEM = "apple-generic";
			};
			name = Debug;
		};
		13B07F951A680F5B00A75B9A /* Release */ = {
			isa = XCBuildConfiguration;
			baseConfigurationReference = A1D4C95EE8A601128FA1D6EC /* Pods-driver.release.xcconfig */;
			buildSettings = {
				ASSETCATALOG_COMPILER_APPICON_NAME = AppIcon;
				CLANG_ENABLE_MODULES = YES;
				CURRENT_PROJECT_VERSION = 1;
				INFOPLIST_FILE = driver/Info.plist;
				LD_RUNPATH_SEARCH_PATHS = (
					"$(inherited)",
					"@executable_path/Frameworks",
				);
				OTHER_LDFLAGS = (
					"$(inherited)",
					"-ObjC",
					"-lc++",
				);
				PRODUCT_BUNDLE_IDENTIFIER = "org.reactjs.native.example.$(PRODUCT_NAME:rfc1034identifier)";
				PRODUCT_NAME = driver;
				SWIFT_VERSION = 5.0;
				VERSIONING_SYSTEM = "apple-generic";
			};
			name = Release;
		};
		83CBBA201A601CBA00E9B192 /* Debug */ = {
			isa = XCBuildConfiguration;
			buildSettings = {
				ALWAYS_SEARCH_USER_PATHS = NO;
				CLANG_ANALYZER_LOCALIZABILITY_NONLOCALIZED = YES;
				CLANG_CXX_LANGUAGE_STANDARD = "gnu++0x";
				CLANG_CXX_LIBRARY = "libc++";
				CLANG_ENABLE_MODULES = YES;
				CLANG_ENABLE_OBJC_ARC = YES;
				CLANG_WARN_BLOCK_CAPTURE_AUTORELEASING = YES;
				CLANG_WARN_BOOL_CONVERSION = YES;
				CLANG_WARN_COMMA = YES;
				CLANG_WARN_CONSTANT_CONVERSION = YES;
				CLANG_WARN_DEPRECATED_OBJC_IMPLEMENTATIONS = YES;
				CLANG_WARN_DIRECT_OBJC_ISA_USAGE = YES_ERROR;
				CLANG_WARN_EMPTY_BODY = YES;
				CLANG_WARN_ENUM_CONVERSION = YES;
				CLANG_WARN_INFINITE_RECURSION = YES;
				CLANG_WARN_INT_CONVERSION = YES;
				CLANG_WARN_NON_LITERAL_NULL_CONVERSION = YES;
				CLANG_WARN_OBJC_IMPLICIT_RETAIN_SELF = YES;
				CLANG_WARN_OBJC_LITERAL_CONVERSION = YES;
				CLANG_WARN_OBJC_ROOT_CLASS = YES_ERROR;
				CLANG_WARN_QUOTED_INCLUDE_IN_FRAMEWORK_HEADER = YES;
				CLANG_WARN_RANGE_LOOP_ANALYSIS = YES;
				CLANG_WARN_STRICT_PROTOTYPES = YES;
				CLANG_WARN_SUSPICIOUS_MOVE = YES;
				CLANG_WARN_UNREACHABLE_CODE = YES;
				CLANG_WARN__DUPLICATE_METHOD_MATCH = YES;
				"CODE_SIGN_IDENTITY[sdk=iphoneos*]" = "iPhone Developer";
				COPY_PHASE_STRIP = NO;
				ENABLE_STRICT_OBJC_MSGSEND = YES;
				ENABLE_TESTABILITY = YES;
				"EXCLUDED_ARCHS[sdk=iphonesimulator*]" = "arm64 ";
				GCC_C_LANGUAGE_STANDARD = gnu99;
				GCC_DYNAMIC_NO_PIC = NO;
				GCC_NO_COMMON_BLOCKS = YES;
				GCC_OPTIMIZATION_LEVEL = 0;
				GCC_PREPROCESSOR_DEFINITIONS = (
					"DEBUG=1",
					"$(inherited)",
				);
				GCC_SYMBOLS_PRIVATE_EXTERN = NO;
				GCC_WARN_64_TO_32_BIT_CONVERSION = YES;
				GCC_WARN_ABOUT_RETURN_TYPE = YES_ERROR;
				GCC_WARN_UNDECLARED_SELECTOR = YES;
				GCC_WARN_UNINITIALIZED_AUTOS = YES_AGGRESSIVE;
				GCC_WARN_UNUSED_FUNCTION = YES;
				GCC_WARN_UNUSED_VARIABLE = YES;
				IPHONEOS_DEPLOYMENT_TARGET = 10.0;
				LD_RUNPATH_SEARCH_PATHS = (
					/usr/lib/swift,
					"$(inherited)",
				);
				LIBRARY_SEARCH_PATHS = (
					"\"$(TOOLCHAIN_DIR)/usr/lib/swift/$(PLATFORM_NAME)\"",
					"\"$(TOOLCHAIN_DIR)/usr/lib/swift-5.0/$(PLATFORM_NAME)\"",
					"\"$(inherited)\"",
				);
				MTL_ENABLE_DEBUG_INFO = YES;
				ONLY_ACTIVE_ARCH = YES;
				SDKROOT = iphoneos;
			};
			name = Debug;
		};
		83CBBA211A601CBA00E9B192 /* Release */ = {
			isa = XCBuildConfiguration;
			buildSettings = {
				ALWAYS_SEARCH_USER_PATHS = NO;
				CLANG_ANALYZER_LOCALIZABILITY_NONLOCALIZED = YES;
				CLANG_CXX_LANGUAGE_STANDARD = "gnu++0x";
				CLANG_CXX_LIBRARY = "libc++";
				CLANG_ENABLE_MODULES = YES;
				CLANG_ENABLE_OBJC_ARC = YES;
				CLANG_WARN_BLOCK_CAPTURE_AUTORELEASING = YES;
				CLANG_WARN_BOOL_CONVERSION = YES;
				CLANG_WARN_COMMA = YES;
				CLANG_WARN_CONSTANT_CONVERSION = YES;
				CLANG_WARN_DEPRECATED_OBJC_IMPLEMENTATIONS = YES;
				CLANG_WARN_DIRECT_OBJC_ISA_USAGE = YES_ERROR;
				CLANG_WARN_EMPTY_BODY = YES;
				CLANG_WARN_ENUM_CONVERSION = YES;
				CLANG_WARN_INFINITE_RECURSION = YES;
				CLANG_WARN_INT_CONVERSION = YES;
				CLANG_WARN_NON_LITERAL_NULL_CONVERSION = YES;
				CLANG_WARN_OBJC_IMPLICIT_RETAIN_SELF = YES;
				CLANG_WARN_OBJC_LITERAL_CONVERSION = YES;
				CLANG_WARN_OBJC_ROOT_CLASS = YES_ERROR;
				CLANG_WARN_QUOTED_INCLUDE_IN_FRAMEWORK_HEADER = YES;
				CLANG_WARN_RANGE_LOOP_ANALYSIS = YES;
				CLANG_WARN_STRICT_PROTOTYPES = YES;
				CLANG_WARN_SUSPICIOUS_MOVE = YES;
				CLANG_WARN_UNREACHABLE_CODE = YES;
				CLANG_WARN__DUPLICATE_METHOD_MATCH = YES;
				"CODE_SIGN_IDENTITY[sdk=iphoneos*]" = "iPhone Developer";
				COPY_PHASE_STRIP = YES;
				ENABLE_NS_ASSERTIONS = NO;
				ENABLE_STRICT_OBJC_MSGSEND = YES;
				"EXCLUDED_ARCHS[sdk=iphonesimulator*]" = "arm64 ";
				GCC_C_LANGUAGE_STANDARD = gnu99;
				GCC_NO_COMMON_BLOCKS = YES;
				GCC_WARN_64_TO_32_BIT_CONVERSION = YES;
				GCC_WARN_ABOUT_RETURN_TYPE = YES_ERROR;
				GCC_WARN_UNDECLARED_SELECTOR = YES;
				GCC_WARN_UNINITIALIZED_AUTOS = YES_AGGRESSIVE;
				GCC_WARN_UNUSED_FUNCTION = YES;
				GCC_WARN_UNUSED_VARIABLE = YES;
				IPHONEOS_DEPLOYMENT_TARGET = 10.0;
				LD_RUNPATH_SEARCH_PATHS = (
					/usr/lib/swift,
					"$(inherited)",
				);
				LIBRARY_SEARCH_PATHS = (
					"\"$(TOOLCHAIN_DIR)/usr/lib/swift/$(PLATFORM_NAME)\"",
					"\"$(TOOLCHAIN_DIR)/usr/lib/swift-5.0/$(PLATFORM_NAME)\"",
					"\"$(inherited)\"",
				);
				MTL_ENABLE_DEBUG_INFO = NO;
				SDKROOT = iphoneos;
				VALIDATE_PRODUCT = YES;
			};
			name = Release;
		};
/* End XCBuildConfiguration section */

/* Begin XCConfigurationList section */
		00E357021AD99517003FC87E /* Build configuration list for PBXNativeTarget "driverTests" */ = {
			isa = XCConfigurationList;
			buildConfigurations = (
				00E356F61AD99517003FC87E /* Debug */,
				00E356F71AD99517003FC87E /* Release */,
			);
			defaultConfigurationIsVisible = 0;
			defaultConfigurationName = Release;
		};
		13B07F931A680F5B00A75B9A /* Build configuration list for PBXNativeTarget "driver" */ = {
			isa = XCConfigurationList;
			buildConfigurations = (
				13B07F941A680F5B00A75B9A /* Debug */,
				13B07F951A680F5B00A75B9A /* Release */,
			);
			defaultConfigurationIsVisible = 0;
			defaultConfigurationName = Release;
		};
		83CBB9FA1A601CBA00E9B192 /* Build configuration list for PBXProject "driver" */ = {
			isa = XCConfigurationList;
			buildConfigurations = (
				83CBBA201A601CBA00E9B192 /* Debug */,
				83CBBA211A601CBA00E9B192 /* Release */,
			);
			defaultConfigurationIsVisible = 0;
			defaultConfigurationName = Release;
		};
/* End XCConfigurationList section */
	};
	rootObject = 83CBB9F71A601CBA00E9B192 /* Project object */;
}
